// !$*UTF8*$!
{
	archiveVersion = 1;
	classes = {
	};
	objectVersion = 46;
	objects = {

/* Begin PBXBuildFile section */
		A034A06819D4CA2700A151A1 /* base.c in Sources */ = {isa = PBXBuildFile; fileRef = A034A05A19D4CA2700A151A1 /* base.c */; };
		A034A06919D4CA2700A151A1 /* heap.c in Sources */ = {isa = PBXBuildFile; fileRef = A034A05C19D4CA2700A151A1 /* heap.c */; };
		A034A06A19D4CA2700A151A1 /* interrupt_handler.c in Sources */ = {isa = PBXBuildFile; fileRef = A034A05E19D4CA2700A151A1 /* interrupt_handler.c */; };
		A034A06B19D4CA2700A151A1 /* list.c in Sources */ = {isa = PBXBuildFile; fileRef = A034A06019D4CA2700A151A1 /* list.c */; };
		A034A06C19D4CA2700A151A1 /* priority_queue.c in Sources */ = {isa = PBXBuildFile; fileRef = A034A06419D4CA2700A151A1 /* priority_queue.c */; };
		A034A06D19D4CA2700A151A1 /* process_manager.c in Sources */ = {isa = PBXBuildFile; fileRef = A034A06619D4CA2700A151A1 /* process_manager.c */; };
		A034A07919D4CAD800A151A1 /* sample.c in Sources */ = {isa = PBXBuildFile; fileRef = A034A06F19D4CAD800A151A1 /* sample.c */; };
		A034A07A19D4CAD800A151A1 /* scheduler.c in Sources */ = {isa = PBXBuildFile; fileRef = A034A07019D4CAD800A151A1 /* scheduler.c */; };
		A034A07B19D4CAD800A151A1 /* state_printer.c in Sources */ = {isa = PBXBuildFile; fileRef = A034A07219D4CAD800A151A1 /* state_printer.c */; };
		A034A07C19D4CAD800A151A1 /* svc.c in Sources */ = {isa = PBXBuildFile; fileRef = A034A07319D4CAD800A151A1 /* svc.c */; };
		A034A07D19D4CAD800A151A1 /* test.c in Sources */ = {isa = PBXBuildFile; fileRef = A034A07619D4CAD800A151A1 /* test.c */; };
		A034A07E19D4CAD800A151A1 /* z502.c in Sources */ = {isa = PBXBuildFile; fileRef = A034A07719D4CAD800A151A1 /* z502.c */; };
/* End PBXBuildFile section */

/* Begin PBXCopyFilesBuildPhase section */
		A0FC42E319B931AD00111675 /* CopyFiles */ = {
			isa = PBXCopyFilesBuildPhase;
			buildActionMask = 2147483647;
			dstPath = /usr/share/man/man1/;
			dstSubfolderSpec = 0;
			files = (
			);
			runOnlyForDeploymentPostprocessing = 1;
		};
/* End PBXCopyFilesBuildPhase section */

/* Begin PBXFileReference section */
		A034A05A19D4CA2700A151A1 /* base.c */ = {isa = PBXFileReference; fileEncoding = 4; lastKnownFileType = sourcecode.c.c; path = base.c; sourceTree = SOURCE_ROOT; };
		A034A05B19D4CA2700A151A1 /* global.h */ = {isa = PBXFileReference; fileEncoding = 4; lastKnownFileType = sourcecode.c.h; path = global.h; sourceTree = SOURCE_ROOT; };
		A034A05C19D4CA2700A151A1 /* heap.c */ = {isa = PBXFileReference; fileEncoding = 4; lastKnownFileType = sourcecode.c.c; path = heap.c; sourceTree = SOURCE_ROOT; };
		A034A05D19D4CA2700A151A1 /* heap.h */ = {isa = PBXFileReference; fileEncoding = 4; lastKnownFileType = sourcecode.c.h; path = heap.h; sourceTree = SOURCE_ROOT; };
		A034A05E19D4CA2700A151A1 /* interrupt_handler.c */ = {isa = PBXFileReference; fileEncoding = 4; lastKnownFileType = sourcecode.c.c; path = interrupt_handler.c; sourceTree = SOURCE_ROOT; };
		A034A05F19D4CA2700A151A1 /* interrupt_handler.h */ = {isa = PBXFileReference; fileEncoding = 4; lastKnownFileType = sourcecode.c.h; path = interrupt_handler.h; sourceTree = SOURCE_ROOT; };
		A034A06019D4CA2700A151A1 /* list.c */ = {isa = PBXFileReference; fileEncoding = 4; lastKnownFileType = sourcecode.c.c; path = list.c; sourceTree = SOURCE_ROOT; };
		A034A06119D4CA2700A151A1 /* list.h */ = {isa = PBXFileReference; fileEncoding = 4; lastKnownFileType = sourcecode.c.h; path = list.h; sourceTree = SOURCE_ROOT; };
		A034A06219D4CA2700A151A1 /* os_common.h */ = {isa = PBXFileReference; fileEncoding = 4; lastKnownFileType = sourcecode.c.h; path = os_common.h; sourceTree = SOURCE_ROOT; };
		A034A06319D4CA2700A151A1 /* pcb.h */ = {isa = PBXFileReference; fileEncoding = 4; lastKnownFileType = sourcecode.c.h; path = pcb.h; sourceTree = SOURCE_ROOT; };
		A034A06419D4CA2700A151A1 /* priority_queue.c */ = {isa = PBXFileReference; fileEncoding = 4; lastKnownFileType = sourcecode.c.c; path = priority_queue.c; sourceTree = SOURCE_ROOT; };
		A034A06519D4CA2700A151A1 /* priority_queue.h */ = {isa = PBXFileReference; fileEncoding = 4; lastKnownFileType = sourcecode.c.h; path = priority_queue.h; sourceTree = SOURCE_ROOT; };
		A034A06619D4CA2700A151A1 /* process_manager.c */ = {isa = PBXFileReference; fileEncoding = 4; lastKnownFileType = sourcecode.c.c; path = process_manager.c; sourceTree = SOURCE_ROOT; };
		A034A06719D4CA2700A151A1 /* process_manager.h */ = {isa = PBXFileReference; fileEncoding = 4; lastKnownFileType = sourcecode.c.h; path = process_manager.h; sourceTree = SOURCE_ROOT; };
		A034A06E19D4CAD800A151A1 /* protos.h */ = {isa = PBXFileReference; fileEncoding = 4; lastKnownFileType = sourcecode.c.h; path = protos.h; sourceTree = SOURCE_ROOT; };
		A034A06F19D4CAD800A151A1 /* sample.c */ = {isa = PBXFileReference; fileEncoding = 4; lastKnownFileType = sourcecode.c.c; path = sample.c; sourceTree = SOURCE_ROOT; };
		A034A07019D4CAD800A151A1 /* scheduler.c */ = {isa = PBXFileReference; fileEncoding = 4; lastKnownFileType = sourcecode.c.c; path = scheduler.c; sourceTree = SOURCE_ROOT; };
		A034A07119D4CAD800A151A1 /* scheduler.h */ = {isa = PBXFileReference; fileEncoding = 4; lastKnownFileType = sourcecode.c.h; path = scheduler.h; sourceTree = SOURCE_ROOT; };
		A034A07219D4CAD800A151A1 /* state_printer.c */ = {isa = PBXFileReference; fileEncoding = 4; lastKnownFileType = sourcecode.c.c; path = state_printer.c; sourceTree = SOURCE_ROOT; };
		A034A07319D4CAD800A151A1 /* svc.c */ = {isa = PBXFileReference; fileEncoding = 4; lastKnownFileType = sourcecode.c.c; path = svc.c; sourceTree = SOURCE_ROOT; };
		A034A07419D4CAD800A151A1 /* svc.h */ = {isa = PBXFileReference; fileEncoding = 4; lastKnownFileType = sourcecode.c.h; path = svc.h; sourceTree = SOURCE_ROOT; };
		A034A07519D4CAD800A151A1 /* syscalls.h */ = {isa = PBXFileReference; fileEncoding = 4; lastKnownFileType = sourcecode.c.h; path = syscalls.h; sourceTree = SOURCE_ROOT; };
		A034A07619D4CAD800A151A1 /* test.c */ = {isa = PBXFileReference; fileEncoding = 4; lastKnownFileType = sourcecode.c.c; path = test.c; sourceTree = SOURCE_ROOT; };
		A034A07719D4CAD800A151A1 /* z502.c */ = {isa = PBXFileReference; fileEncoding = 4; lastKnownFileType = sourcecode.c.c; path = z502.c; sourceTree = SOURCE_ROOT; };
		A034A07819D4CAD800A151A1 /* z502.h */ = {isa = PBXFileReference; fileEncoding = 4; lastKnownFileType = sourcecode.c.h; path = z502.h; sourceTree = SOURCE_ROOT; };
		A0FC42E519B931AD00111675 /* CS502 */ = {isa = PBXFileReference; explicitFileType = "compiled.mach-o.executable"; includeInIndex = 0; path = CS502; sourceTree = BUILT_PRODUCTS_DIR; };
/* End PBXFileReference section */

/* Begin PBXFrameworksBuildPhase section */
		A0FC42E219B931AD00111675 /* Frameworks */ = {
			isa = PBXFrameworksBuildPhase;
			buildActionMask = 2147483647;
			files = (
			);
			runOnlyForDeploymentPostprocessing = 0;
		};
/* End PBXFrameworksBuildPhase section */

/* Begin PBXGroup section */
		A034A07F19D4CC2A00A151A1 /* Modules */ = {
			isa = PBXGroup;
			children = (
				A034A05F19D4CA2700A151A1 /* interrupt_handler.h */,
				A034A05E19D4CA2700A151A1 /* interrupt_handler.c */,
				A034A07419D4CAD800A151A1 /* svc.h */,
				A034A06619D4CA2700A151A1 /* process_manager.c */,
				A034A06719D4CA2700A151A1 /* process_manager.h */,
				A034A07319D4CAD800A151A1 /* svc.c */,
				A034A07119D4CAD800A151A1 /* scheduler.h */,
				A034A07019D4CAD800A151A1 /* scheduler.c */,
			);
			name = Modules;
			sourceTree = "<group>";
		};
		A0FC42DC19B931AD00111675 = {
			isa = PBXGroup;
			children = (
				A034A07F19D4CC2A00A151A1 /* Modules */,
				A0FC42E719B931AD00111675 /* Util */,
				A0FC42E619B931AD00111675 /* Products */,
			);
			sourceTree = "<group>";
		};
		A0FC42E619B931AD00111675 /* Products */ = {
			isa = PBXGroup;
			children = (
				A0FC42E519B931AD00111675 /* CS502 */,
			);
			name = Products;
			sourceTree = "<group>";
		};
		A0FC42E719B931AD00111675 /* Util */ = {
			isa = PBXGroup;
			children = (
				A034A06E19D4CAD800A151A1 /* protos.h */,
				A034A06F19D4CAD800A151A1 /* sample.c */,
				A034A07219D4CAD800A151A1 /* state_printer.c */,
				A034A07519D4CAD800A151A1 /* syscalls.h */,
				A034A07619D4CAD800A151A1 /* test.c */,
				A034A07719D4CAD800A151A1 /* z502.c */,
				A034A07819D4CAD800A151A1 /* z502.h */,
				A034A05A19D4CA2700A151A1 /* base.c */,
				A034A05B19D4CA2700A151A1 /* global.h */,
				A034A05C19D4CA2700A151A1 /* heap.c */,
				A034A05D19D4CA2700A151A1 /* heap.h */,
				A034A06019D4CA2700A151A1 /* list.c */,
				A034A06119D4CA2700A151A1 /* list.h */,
				A034A06219D4CA2700A151A1 /* os_common.h */,
				A034A06319D4CA2700A151A1 /* pcb.h */,
				A034A06419D4CA2700A151A1 /* priority_queue.c */,
				A034A06519D4CA2700A151A1 /* priority_queue.h */,
			);
			name = Util;
			path = CS502;
			sourceTree = "<group>";
		};
/* End PBXGroup section */

/* Begin PBXNativeTarget section */
		A0FC42E419B931AD00111675 /* CS502 */ = {
			isa = PBXNativeTarget;
			buildConfigurationList = A0FC42EE19B931AD00111675 /* Build configuration list for PBXNativeTarget "CS502" */;
			buildPhases = (
				A0FC42E119B931AD00111675 /* Sources */,
				A0FC42E219B931AD00111675 /* Frameworks */,
				A0FC42E319B931AD00111675 /* CopyFiles */,
			);
			buildRules = (
			);
			dependencies = (
			);
			name = CS502;
			productName = CS502;
			productReference = A0FC42E519B931AD00111675 /* CS502 */;
			productType = "com.apple.product-type.tool";
		};
/* End PBXNativeTarget section */

/* Begin PBXProject section */
		A0FC42DD19B931AD00111675 /* Project object */ = {
			isa = PBXProject;
			attributes = {
				LastUpgradeCheck = 0510;
				ORGANIZATIONNAME = chesun;
			};
			buildConfigurationList = A0FC42E019B931AD00111675 /* Build configuration list for PBXProject "CS502" */;
			compatibilityVersion = "Xcode 3.2";
			developmentRegion = English;
			hasScannedForEncodings = 0;
			knownRegions = (
				en,
			);
			mainGroup = A0FC42DC19B931AD00111675;
			productRefGroup = A0FC42E619B931AD00111675 /* Products */;
			projectDirPath = "";
			projectRoot = "";
			targets = (
				A0FC42E419B931AD00111675 /* CS502 */,
			);
		};
/* End PBXProject section */

/* Begin PBXSourcesBuildPhase section */
		A0FC42E119B931AD00111675 /* Sources */ = {
			isa = PBXSourcesBuildPhase;
			buildActionMask = 2147483647;
			files = (
				A034A06A19D4CA2700A151A1 /* interrupt_handler.c in Sources */,
				A034A07D19D4CAD800A151A1 /* test.c in Sources */,
				A034A07919D4CAD800A151A1 /* sample.c in Sources */,
				A034A06D19D4CA2700A151A1 /* process_manager.c in Sources */,
				A034A07A19D4CAD800A151A1 /* scheduler.c in Sources */,
				A034A06819D4CA2700A151A1 /* base.c in Sources */,
				A034A06919D4CA2700A151A1 /* heap.c in Sources */,
				A034A07B19D4CAD800A151A1 /* state_printer.c in Sources */,
				A034A07E19D4CAD800A151A1 /* z502.c in Sources */,
				A034A06B19D4CA2700A151A1 /* list.c in Sources */,
				A034A07C19D4CAD800A151A1 /* svc.c in Sources */,
				A034A06C19D4CA2700A151A1 /* priority_queue.c in Sources */,
			);
			runOnlyForDeploymentPostprocessing = 0;
		};
/* End PBXSourcesBuildPhase section */

/* Begin XCBuildConfiguration section */
		A0FC42EC19B931AD00111675 /* Debug */ = {
			isa = XCBuildConfiguration;
			buildSettings = {
				ALWAYS_SEARCH_USER_PATHS = NO;
				CLANG_CXX_LANGUAGE_STANDARD = "gnu++0x";
				CLANG_CXX_LIBRARY = "libc++";
				CLANG_ENABLE_MODULES = YES;
				CLANG_ENABLE_OBJC_ARC = YES;
				CLANG_WARN_BOOL_CONVERSION = YES;
				CLANG_WARN_CONSTANT_CONVERSION = YES;
				CLANG_WARN_DIRECT_OBJC_ISA_USAGE = YES_ERROR;
				CLANG_WARN_EMPTY_BODY = YES;
				CLANG_WARN_ENUM_CONVERSION = YES;
				CLANG_WARN_INT_CONVERSION = YES;
				CLANG_WARN_OBJC_ROOT_CLASS = YES_ERROR;
				CLANG_WARN__DUPLICATE_METHOD_MATCH = YES;
				COPY_PHASE_STRIP = NO;
				GCC_C_LANGUAGE_STANDARD = gnu99;
				GCC_DYNAMIC_NO_PIC = NO;
				GCC_ENABLE_OBJC_EXCEPTIONS = YES;
				GCC_OPTIMIZATION_LEVEL = 0;
				GCC_PREPROCESSOR_DEFINITIONS = (
					"DEBUG=1",
					"$(inherited)",
				);
				GCC_SYMBOLS_PRIVATE_EXTERN = NO;
				GCC_WARN_64_TO_32_BIT_CONVERSION = YES;
				GCC_WARN_ABOUT_RETURN_TYPE = YES_ERROR;
				GCC_WARN_UNDECLARED_SELECTOR = YES;
				GCC_WARN_UNINITIALIZED_AUTOS = YES_AGGRESSIVE;
				GCC_WARN_UNUSED_FUNCTION = YES;
				GCC_WARN_UNUSED_VARIABLE = YES;
				MACOSX_DEPLOYMENT_TARGET = 10.9;
				ONLY_ACTIVE_ARCH = YES;
				SDKROOT = macosx;
			};
			name = Debug;
		};
		A0FC42ED19B931AD00111675 /* Release */ = {
			isa = XCBuildConfiguration;
			buildSettings = {
				ALWAYS_SEARCH_USER_PATHS = NO;
				CLANG_CXX_LANGUAGE_STANDARD = "gnu++0x";
				CLANG_CXX_LIBRARY = "libc++";
				CLANG_ENABLE_MODULES = YES;
				CLANG_ENABLE_OBJC_ARC = YES;
				CLANG_WARN_BOOL_CONVERSION = YES;
				CLANG_WARN_CONSTANT_CONVERSION = YES;
				CLANG_WARN_DIRECT_OBJC_ISA_USAGE = YES_ERROR;
				CLANG_WARN_EMPTY_BODY = YES;
				CLANG_WARN_ENUM_CONVERSION = YES;
				CLANG_WARN_INT_CONVERSION = YES;
				CLANG_WARN_OBJC_ROOT_CLASS = YES_ERROR;
				CLANG_WARN__DUPLICATE_METHOD_MATCH = YES;
				COPY_PHASE_STRIP = YES;
				DEBUG_INFORMATION_FORMAT = "dwarf-with-dsym";
				ENABLE_NS_ASSERTIONS = NO;
				GCC_C_LANGUAGE_STANDARD = gnu99;
				GCC_ENABLE_OBJC_EXCEPTIONS = YES;
				GCC_WARN_64_TO_32_BIT_CONVERSION = YES;
				GCC_WARN_ABOUT_RETURN_TYPE = YES_ERROR;
				GCC_WARN_UNDECLARED_SELECTOR = YES;
				GCC_WARN_UNINITIALIZED_AUTOS = YES_AGGRESSIVE;
				GCC_WARN_UNUSED_FUNCTION = YES;
				GCC_WARN_UNUSED_VARIABLE = YES;
				MACOSX_DEPLOYMENT_TARGET = 10.9;
				SDKROOT = macosx;
			};
			name = Release;
		};
		A0FC42EF19B931AD00111675 /* Debug */ = {
			isa = XCBuildConfiguration;
			buildSettings = {
				PRODUCT_NAME = "$(TARGET_NAME)";
			};
			name = Debug;
		};
		A0FC42F019B931AD00111675 /* Release */ = {
			isa = XCBuildConfiguration;
			buildSettings = {
				PRODUCT_NAME = "$(TARGET_NAME)";
			};
			name = Release;
		};
/* End XCBuildConfiguration section */

/* Begin XCConfigurationList section */
		A0FC42E019B931AD00111675 /* Build configuration list for PBXProject "CS502" */ = {
			isa = XCConfigurationList;
			buildConfigurations = (
				A0FC42EC19B931AD00111675 /* Debug */,
				A0FC42ED19B931AD00111675 /* Release */,
			);
			defaultConfigurationIsVisible = 0;
			defaultConfigurationName = Release;
		};
		A0FC42EE19B931AD00111675 /* Build configuration list for PBXNativeTarget "CS502" */ = {
			isa = XCConfigurationList;
			buildConfigurations = (
				A0FC42EF19B931AD00111675 /* Debug */,
				A0FC42F019B931AD00111675 /* Release */,
			);
			defaultConfigurationIsVisible = 0;
			defaultConfigurationName = Release;
		};
/* End XCConfigurationList section */
	};
	rootObject = A0FC42DD19B931AD00111675 /* Project object */;
}
